<Solution>
  <Folder Name="/Task0/">
    <Project Path="Tyuiu.PopovAA.Sprint0.Task0.V0/Tyuiu.PopovAA.Sprint0.Task0.V0.csproj" />
  </Folder>
  <Folder Name="/Task1/">
    <Project Path="Tyuiu.PopovAA.Sprint0.Task1.V0/Tyuiu.PopovAA.Sprint0.Task1.V0.csproj" />
  </Folder>
  <Folder Name="/Task2/">
    <Project Path="Tyuiu.PopovAA.Sprint0.Task2.V0.Lib/Tyuiu.PopovAA.Sprint0.Task2.V0.Lib.csproj" Id="0b2598a5-dcd9-4221-abaa-a2dad0ec14a1" />
    <Project Path="Tyuiu.PopovAA.Sprint0.Task2.V0.Test/Tyuiu.PopovAA.Sprint0.Task2.V0.Test.csproj" Id="15a6a406-a179-41eb-b8fc-0728b4f1d9ef" />
    <Project Path="Tyuiu.PopovAA.Sprint0.Task2.V0/Tyuiu.PopovAA.Sprint0.Task2.V0.csproj" Id="c687190e-cd66-4bd5-820c-e807fbe879aa" />
  </Folder>
  <Folder Name="/Task3/">
    <Project Path="Tyuiu.PopovAA.Sprint0.Task3.V0.Lib/Tyuiu.PopovAA.Sprint0.Task3.V0.Lib.csproj" Id="f64ccf05-67f3-48e4-8466-5ac50bfebc17" />
    <Project Path="Tyuiu.PopovAA.Sprint0.Task3.V0.Test/Tyuiu.PopovAA.Sprint0.Task3.V0.Test.csproj" Id="0a22ca7d-5055-47ff-8053-dbcc6dcdf521" />
    <Project Path="Tyuiu.PopovAA.Sprint0.Task3.V0/Tyuiu.PopovAA.Sprint0.Task3.V0.csproj" Id="7a599a34-56b0-4be5-ba86-bfbf7e3fc22a" />
  </Folder>
  <Folder Name="/Task4/">
    <Project Path="Tyuiu.PopovAA.Sprint0.Task4.V0.Lib/Tyuiu.PopovAA.Sprint0.Task4.V0.Lib.csproj" Id="23ccc283-6385-48d7-a3b0-4c15b6f9c477" />
    <Project Path="Tyuiu.PopovAA.Sprint0.Task4.V0.Test/Tyuiu.PopovAA.Sprint0.Task4.V0.Test.csproj" Id="071dfcd2-f24d-4e8e-ae43-4663f3604644" />
    <Project Path="Tyuiu.PopovAA.Sprint0.Task4.V0/Tyuiu.PopovAA.Sprint0.Task4.V0.csproj" Id="e16d63c1-42eb-4b02-ab61-9b5c22bcf892" />
  </Folder>
  <Folder Name="/Task5/">
    <Project Path="Tyuiu.PopovAA.Sprint0.Task5.Lib/Tyuiu.PopovAA.Sprint0.Task5.V0.Lib.csproj" Id="60a1bcd1-2f52-4f9f-8d28-3717d26df648" />
    <Project Path="Tyuiu.PopovAA.Sprint0.Task5.Test/Tyuiu.PopovAA.Sprint0.Task5.V0.Test.csproj" Id="d776f8f3-6223-4f7c-a61e-0226702ef087" />
    <Project Path="Tyuiu.PopovAA.Sprint0.Task5.V0/Tyuiu.PopovAA.Sprint0.Task5.V0.csproj" Id="d9151dfe-2b3e-4dc0-abac-0b3a8a822248" />
  </Folder>
  <Folder Name="/Task6/">
    <Project Path="Tyuiu.PopovAA.Sprint0.Task6.V0.Lib/Tyuiu.PopovAA.Sprint0.Task6.V0.Lib.csproj" Id="72d636f4-8d94-442f-bef5-ae27784fe306" />
    <Project Path="Tyuiu.PopovAA.Sprint0.Task6.V0.Test/Tyuiu.PopovAA.Sprint0.Task6.V0.Test.csproj" Id="c5e93fe8-d67f-4098-b2f0-4af4713a9ed5" />
    <Project Path="Tyuiu.PopovAA.Sprint0.Task6.V0/Tyuiu.PopovAA.Sprint0.Task6.V0.csproj" Id="fe8539b1-5d08-49c7-a352-75e33e23d3a7" />
  </Folder>
</Solution>
